
Microsoft Visual Studio Solution File, Format Version 12.00
# Visual Studio Version 17
VisualStudioVersion = 17.4.33213.308
MinimumVisualStudioVersion = 10.0.40219.1
Project("{FAE04EC0-301F-11D3-BF4B-00C04F79EFBC}") = "Lesson10", "Lesson10\Lesson10.csproj", "{EE9B813F-CD85-4746-9656-D2A22EB5C614}"
EndProject
Global
	GlobalSection(SolutionConfigurationPlatforms) = preSolution
		Debug|Any CPU = Debug|Any CPU
		Release|Any CPU = Release|Any CPU
	EndGlobalSection
	GlobalSection(ProjectConfigurationPlatforms) = postSolution
		{EE9B813F-CD85-4746-9656-D2A22EB5C614}.Debug|Any CPU.ActiveCfg = Debug|Any CPU
		{EE9B813F-CD85-4746-9656-D2A22EB5C614}.Debug|Any CPU.Build.0 = Debug|Any CPU
		{EE9B813F-CD85-4746-9656-D2A22EB5C614}.Release|Any CPU.ActiveCfg = Release|Any CPU
		{EE9B813F-CD85-4746-9656-D2A22EB5C614}.Release|Any CPU.Build.0 = Release|Any CPU
	EndGlobalSection
	GlobalSection(SolutionProperties) = preSolution
		HideSolutionNode = FALSE
	EndGlobalSection
	GlobalSection(ExtensibilityGlobals) = postSolution
		SolutionGuid = {1D99FD4A-FE60-4F90-AA36-51AC5CF2A1D7}
	EndGlobalSection
EndGlobal
